{
    "_readme": [
        "This file locks the dependencies of your project to a known state",
        "Read more about it at https://getcomposer.org/doc/01-basic-usage.md#composer-lock-the-lock-file",
        "This file is @generated automatically"
    ],
    "hash": "74e7ccaaf14725e07742d48f923801f7",
    "content-hash": "cc0af1c1cd49816d8a535d84189d519a",
    "packages": [
        {
            "name": "symfony/config",
            "version": "v2.7.7",
            "source": {
                "type": "git",
                "url": "zichter@dev3:github/symfony/Config.git",
                "reference": "02ec2780d62cb085deadec01e5991588a718c68a"
            },
            "dist": {
                "type": "zip",
                "url": "http://remote.satis.dev3.zicht.intern/packages/symfony/Config.git/v2.7.7.zip",
                "reference": null,
                "shasum": null
            },
            "require": {
                "php": ">=5.3.9",
                "symfony/filesystem": "~2.3"
            },
            "type": "library",
            "extra": {
                "branch-alias": {
                    "dev-master": "2.7-dev"
                }
            },
            "autoload": {
                "psr-4": {
                    "Symfony\\Component\\Config\\": ""
                },
                "exclude-from-classmap": [
                    "/Tests/"
                ]
            },
            "license": [
                "MIT"
            ],
            "authors": [
                {
                    "name": "Fabien Potencier",
                    "email": "fabien@symfony.com"
                },
                {
                    "name": "Symfony Community",
                    "homepage": "https://symfony.com/contributors"
                }
            ],
            "description": "Symfony Config Component",
            "homepage": "https://symfony.com",
            "time": "2015-11-02 20:20:53"
        },
        {
            "name": "symfony/console",
            "version": "v2.7.7",
            "source": {
                "type": "git",
                "url": "zichter@dev3:github/symfony/Console.git",
                "reference": "b66f2c74f2a0a6a158d88ae793197d408e7ce36d"
            },
            "dist": {
                "type": "zip",
                "url": "http://remote.satis.dev3.zicht.intern/packages/symfony/Console.git/v2.7.7.zip",
                "reference": null,
                "shasum": null
            },
            "require": {
                "php": ">=5.3.9"
            },
            "require-dev": {
                "psr/log": "~1.0",
                "symfony/event-dispatcher": "~2.1",
                "symfony/process": "~2.1"
            },
            "suggest": {
                "psr/log": "For using the console logger",
                "symfony/event-dispatcher": "",
                "symfony/process": ""
            },
            "type": "library",
            "extra": {
                "branch-alias": {
                    "dev-master": "2.7-dev"
                }
            },
            "autoload": {
                "psr-4": {
                    "Symfony\\Component\\Console\\": ""
                },
                "exclude-from-classmap": [
                    "/Tests/"
                ]
            },
            "license": [
                "MIT"
            ],
            "authors": [
                {
                    "name": "Fabien Potencier",
                    "email": "fabien@symfony.com"
                },
                {
                    "name": "Symfony Community",
                    "homepage": "https://symfony.com/contributors"
                }
            ],
            "description": "Symfony Console Component",
            "homepage": "https://symfony.com",
            "time": "2015-11-17 21:13:39"
        },
        {
            "name": "symfony/filesystem",
            "version": "v2.7.7",
            "source": {
                "type": "git",
                "url": "zichter@dev3:github/symfony/Filesystem.git",
                "reference": "99fa04941d2ce6cefab87bb0a4b69b136819c8d1"
            },
            "dist": {
                "type": "zip",
                "url": "http://remote.satis.dev3.zicht.intern/packages/symfony/Filesystem.git/v2.7.7.zip",
                "reference": null,
                "shasum": null
            },
            "require": {
                "php": ">=5.3.9"
            },
            "type": "library",
            "extra": {
                "branch-alias": {
                    "dev-master": "2.7-dev"
                }
            },
            "autoload": {
                "psr-4": {
                    "Symfony\\Component\\Filesystem\\": ""
                },
                "exclude-from-classmap": [
                    "/Tests/"
                ]
            },
            "license": [
                "MIT"
            ],
            "authors": [
                {
                    "name": "Fabien Potencier",
                    "email": "fabien@symfony.com"
                },
                {
                    "name": "Symfony Community",
                    "homepage": "https://symfony.com/contributors"
                }
            ],
            "description": "Symfony Filesystem Component",
            "homepage": "https://symfony.com",
            "time": "2015-11-18 13:41:01"
        },
        {
            "name": "symfony/finder",
            "version": "v2.7.7",
            "source": {
                "type": "git",
                "url": "zichter@dev3:github/symfony/Finder.git",
                "reference": "25022d2c5b70179e926ffb2c86b8f2927eed8e8b"
            },
            "dist": {
                "type": "zip",
                "url": "http://remote.satis.dev3.zicht.intern/packages/symfony/Finder.git/v2.7.7.zip",
                "reference": null,
                "shasum": null
            },
            "require": {
                "php": ">=5.3.9"
            },
            "type": "library",
            "extra": {
                "branch-alias": {
                    "dev-master": "2.7-dev"
                }
            },
            "autoload": {
                "psr-4": {
                    "Symfony\\Component\\Finder\\": ""
                },
                "exclude-from-classmap": [
                    "/Tests/"
                ]
            },
            "license": [
                "MIT"
            ],
            "authors": [
                {
                    "name": "Fabien Potencier",
                    "email": "fabien@symfony.com"
                },
                {
                    "name": "Symfony Community",
                    "homepage": "https://symfony.com/contributors"
                }
            ],
            "description": "Symfony Finder Component",
            "homepage": "https://symfony.com",
            "time": "2015-10-30 20:10:21"
        },
        {
            "name": "symfony/process",
            "version": "v2.7.7",
            "source": {
                "type": "git",
                "url": "zichter@dev3:github/symfony/Process.git",
                "reference": "18bbb9330c7a36ca2a8486432a3f3a6aab7bfb86"
            },
            "dist": {
                "type": "zip",
                "url": "http://remote.satis.dev3.zicht.intern/packages/symfony/Process.git/v2.7.7.zip",
                "reference": null,
                "shasum": null
            },
            "require": {
                "php": ">=5.3.9"
            },
            "type": "library",
            "extra": {
                "branch-alias": {
                    "dev-master": "2.7-dev"
                }
            },
            "autoload": {
                "psr-4": {
                    "Symfony\\Component\\Process\\": ""
                },
                "exclude-from-classmap": [
                    "/Tests/"
                ]
            },
            "license": [
                "MIT"
            ],
            "authors": [
                {
                    "name": "Fabien Potencier",
                    "email": "fabien@symfony.com"
                },
                {
                    "name": "Symfony Community",
                    "homepage": "https://symfony.com/contributors"
                }
            ],
            "description": "Symfony Process Component",
            "homepage": "https://symfony.com",
            "time": "2015-11-19 16:11:24"
        },
        {
            "name": "symfony/yaml",
            "version": "v2.7.7",
            "source": {
                "type": "git",
                "url": "zichter@dev3:github/symfony/Yaml.git",
                "reference": "c5a3af6baa1e12ddf8c5bc7934d1b3111dc6d79b"
            },
            "dist": {
                "type": "zip",
                "url": "http://remote.satis.dev3.zicht.intern/packages/symfony/Yaml.git/v2.7.7.zip",
                "reference": null,
                "shasum": null
            },
            "require": {
                "php": ">=5.3.9"
            },
            "type": "library",
            "extra": {
                "branch-alias": {
                    "dev-master": "2.7-dev"
                }
            },
            "autoload": {
                "psr-4": {
                    "Symfony\\Component\\Yaml\\": ""
                },
                "exclude-from-classmap": [
                    "/Tests/"
                ]
            },
            "license": [
                "MIT"
            ],
            "authors": [
                {
                    "name": "Fabien Potencier",
                    "email": "fabien@symfony.com"
                },
                {
                    "name": "Symfony Community",
                    "homepage": "https://symfony.com/contributors"
                }
            ],
            "description": "Symfony Yaml Component",
            "homepage": "https://symfony.com",
            "time": "2015-11-18 13:41:01"
        },
        {
            "name": "zicht/util",
            "version": "1.5.1",
            "source": {
                "type": "svn",
                "url": "svn://zon/projecten/zicht-libraries/ZichtUtil",
                "reference": "/tags/1.5.1/@59940"
            },
            "require": {
                "php": ">=5.3"
            },
            "type": "library",
            "autoload": {
                "psr-0": {
                    "": [
                        "src/",
                        "tests/"
                    ]
                }
            },
            "authors": [
                {
                    "name": "Gerard van Helden",
                    "email": "gerard@zicht.nl"
                }
            ],
            "description": "Low level utility classes",
            "time": "2015-04-07 11:27:55"
        },
        {
            "name": "zicht/version",
            "version": "1.1.0-rc.1",
            "source": {
                "type": "svn",
                "url": "svn://zon/projecten/zicht-libraries/ZichtVersion",
                "reference": "/tags/1.1.0-rc.1/@36548"
            },
            "type": "library",
            "autoload": {
                "psr-0": {
                    "Zicht\\": "src/"
                }
            },
            "license": [
                "MIT"
            ],
            "authors": [
                {
                    "name": "Gerard van Helden",
                    "email": "gerard@zicht.nl"
                }
            ],
            "description": "Versioning logic following SemVer.org",
            "time": "2014-05-03 16:06:16"
        },
        {
            "name": "zicht/z",
            "version": "dev-trunk",
            "source": {
                "type": "svn",
                "url": "svn://zon/projecten/zicht-libraries/z",
                "reference": "/trunk/@76242"
            },
            "require": {
                "php": ">=5.3.3",
                "symfony/config": "2.*@stable",
                "symfony/console": "2.*@stable",
                "symfony/finder": "2.*@stable",
                "symfony/process": "2.*@stable",
                "symfony/yaml": "2.*@stable",
                "zicht/util": "1.*@stable",
                "zicht/version": "1.*@stable"
            },
            "require-dev": {
                "behat/behat": "^3.0"
            },
            "suggest": {
                "zicht/z-plugins": "A set of default plugins for Z"
            },
            "bin": [
                "bin/z",
                "bin/z.php",
                "bin/package.php",
                "bin/1to2.sh"
            ],
            "type": "library",
            "autoload": {
                "psr-0": {
                    "": "src/"
                }
            },
            "scripts": {
                "post-install-cmd": [],
                "post-update-cmd": []
            },
            "license": [
                "MIT"
            ],
            "description": "Z - The Zicht build tool",
            "time": "2015-12-31 13:46:08"
        },
        {
            "name": "zicht/z-plugin-apc",
            "version": "dev-trunk",
            "source": {
                "type": "svn",
                "url": "svn://zon/projecten/zicht-libraries/z-plugin-apc",
                "reference": "/trunk/@57813"
            },
            "type": "library",
            "license": [
                "MIT"
            ],
            "authors": [
                {
                    "name": "Gerard van Helden",
                    "email": "gerard@zicht.nl"
                }
            ],
            "description": "APC plugin for Z",
            "time": "2015-03-06 11:28:53"
        },
        {
            "name": "zicht/z-plugin-bower",
            "version": "dev-trunk",
            "source": {
                "type": "svn",
                "url": "svn://zon/projecten/zicht-libraries/z-plugin-bower",
                "reference": "/trunk/@36552"
            },
            "type": "library",
            "license": [
                "MIT"
            ],
            "authors": [
                {
                    "name": "Joppe Aarts",
                    "email": "joppe@zicht.nl"
                }
            ],
            "description": "Bower plugin for Z",
            "time": "2014-05-04 16:58:40"
        },
        {
            "name": "zicht/z-plugin-build",
            "version": "dev-trunk",
            "source": {
                "type": "svn",
                "url": "svn://zon/projecten/zicht-libraries/z-plugin-build",
                "reference": "/trunk/@53618"
            },
            "type": "library",
            "license": [
                "MIT"
            ],
            "authors": [
                {
                    "name": "Gerard van Helden",
                    "email": "gerard@zicht.nl"
                }
            ],
            "description": "Build plugin for Z",
            "time": "2015-01-11 14:34:39"
        },
        {
            "name": "zicht/z-plugin-chmod",
            "version": "dev-trunk",
            "source": {
                "type": "svn",
                "url": "svn://zon/projecten/zicht-libraries/z-plugin-chmod",
                "reference": "/trunk/@53619"
            },
            "type": "library",
            "license": [
                "MIT"
            ],
            "authors": [
                {
                    "name": "Gerard van Helden",
                    "email": "gerard@zicht.nl"
                }
            ],
            "description": "chmod plugin for Z",
            "time": "2015-01-11 14:34:46"
        },
        {
            "name": "zicht/z-plugin-ci",
            "version": "dev-trunk",
            "source": {
                "type": "svn",
                "url": "svn://zon/projecten/zicht-libraries/z-plugin-ci",
                "reference": "/trunk/@39415"
            },
            "type": "library",
            "license": [
                "MIT"
            ],
            "authors": [
                {
                    "name": "Gerard van Helden",
                    "email": "gerard@zicht.nl"
                }
            ],
            "description": "Continuous Integration plugin for Z",
            "time": "2014-06-07 18:22:38"
        },
        {
            "name": "zicht/z-plugin-content",
            "version": "dev-trunk",
            "source": {
                "type": "svn",
                "url": "svn://zon/projecten/zicht-libraries/z-plugin-content",
                "reference": "/trunk/@74058"
            },
            "type": "library",
            "license": [
                "MIT"
            ],
            "authors": [
                {
                    "name": "Gerard van Helden",
                    "email": "gerard@zicht.nl"
                }
            ],
            "description": "Content plugin for Z",
            "time": "2015-11-24 17:46:56"
        },
        {
            "name": "zicht/z-plugin-core",
            "version": "dev-trunk",
            "source": {
                "type": "svn",
                "url": "svn://zon/projecten/zicht-libraries/z-plugin-core",
                "reference": "/trunk/@35704"
            },
            "type": "library",
            "license": [
                "MIT"
            ],
            "authors": [
                {
                    "name": "Gerard van Helden",
                    "email": "gerard@zicht.nl"
                }
            ],
            "description": "Core plugin for Z",
            "time": "2014-04-18 16:17:00"
        },
        {
            "name": "zicht/z-plugin-cron",
            "version": "dev-trunk",
            "source": {
                "type": "svn",
                "url": "svn://zon/projecten/zicht-libraries/z-plugin-cron",
                "reference": "/trunk/@76267"
            },
            "type": "library",
            "license": [
                "MIT"
            ],
            "authors": [
                {
                    "name": "Gerard van Helden",
                    "email": "gerard@zicht.nl"
                }
            ],
            "description": "Cron plugin for Z",
            "time": "2015-12-31 17:33:04"
        },
        {
            "name": "zicht/z-plugin-deploy",
            "version": "dev-trunk",
            "source": {
                "type": "svn",
                "url": "svn://zon/projecten/zicht-libraries/z-plugin-deploy",
                "reference": "/trunk/@53620"
            },
            "type": "library",
            "license": [
                "MIT"
            ],
            "authors": [
                {
                    "name": "Gerard van Helden",
                    "email": "gerard@zicht.nl"
                }
            ],
            "description": "Deploy plugin for Z",
            "time": "2015-01-11 14:34:57"
        },
        {
            "name": "zicht/z-plugin-docker",
            "version": "dev-trunk",
            "source": {
                "type": "svn",
                "url": "svn://zon/projecten/zicht-libraries/z-plugin-docker",
                "reference": "/trunk/@70025"
            },
            "type": "library",
            "license": [
                "MIT"
            ],
            "authors": [
                {
                    "name": "Gerard van Helden",
                    "email": "gerard@zicht.nl"
                }
            ],
            "description": "Docker plugin for Z",
            "time": "2015-10-01 15:21:00"
        },
        {
            "name": "zicht/z-plugin-env",
            "version": "dev-trunk",
            "source": {
                "type": "svn",
                "url": "svn://zon/projecten/zicht-libraries/z-plugin-env",
                "reference": "/trunk/@64483"
            },
            "require": {
                "php": ">=5.3.3"
            },
            "type": "library",
            "scripts": {
                "post-install-cmd": [],
                "post-update-cmd": []
            },
            "description": "'env' plugin for Z",
            "time": "2015-06-29 12:10:24"
        },
        {
            "name": "zicht/z-plugin-interact",
            "version": "dev-trunk",
            "source": {
                "type": "svn",
                "url": "svn://zon/projecten/zicht-libraries/z-plugin-interact",
                "reference": "/trunk/@64743"
            },
            "type": "library",
            "license": [
                "MIT"
            ],
            "authors": [
                {
                    "name": "Gerard van Helden",
                    "email": "gerard@zicht.nl"
                }
            ],
            "description": "Console interaction plugin for Z",
            "time": "2015-07-01 18:41:28"
        },
        {
            "name": "zicht/z-plugin-lftp",
            "version": "dev-trunk",
            "source": {
                "type": "svn",
                "url": "svn://zon/projecten/zicht-libraries/z-plugin-lftp",
                "reference": "/trunk/@36552"
            },
            "type": "library",
            "license": [
                "MIT"
            ],
            "authors": [
                {
                    "name": "Philip Bergman",
                    "email": "philip@zicht.nl"
                }
            ],
            "description": "LFTP sync plugin for Z",
            "time": "2014-05-04 16:58:40"
        },
        {
            "name": "zicht/z-plugin-log",
            "version": "dev-trunk",
            "source": {
                "type": "svn",
                "url": "svn://zon/projecten/zicht-libraries/z-plugin-log",
                "reference": "/trunk/@69184"
            },
            "type": "library",
            "license": [
                "MIT"
            ],
            "authors": [
                {
                    "name": "Gerard van Helden",
                    "email": "gerard@zicht.nl"
                }
            ],
            "description": "Log plugin for Z",
            "time": "2015-09-17 20:53:38"
        },
        {
            "name": "zicht/z-plugin-messages",
            "version": "dev-trunk",
            "source": {
                "type": "svn",
                "url": "svn://zon/projecten/zicht-libraries/z-plugin-messages",
                "reference": "/trunk/@77419"
            },
            "type": "library",
            "license": [
                "MIT"
            ],
            "authors": [
                {
                    "name": "Boudewijn Schoon",
                    "email": "boudewijn@zicht.nl"
                }
            ],
            "description": "Messages plugin for Z",
            "time": "2016-01-20 16:03:15"
        },
        {
            "name": "zicht/z-plugin-opcache",
            "version": "dev-trunk",
            "source": {
                "type": "svn",
                "url": "svn://zon/projecten/zicht-libraries/z-plugin-opcache",
                "reference": "/trunk/@76220"
            },
            "type": "library",
            "license": [
                "MIT"
            ],
            "authors": [
                {
                    "name": "Gerard van Helden",
                    "email": "gerard@zicht.nl"
                }
            ],
            "description": "Opcache plugin for Z",
            "time": "2015-12-31 10:15:22"
        },
        {
            "name": "zicht/z-plugin-qa",
            "version": "dev-trunk",
            "source": {
                "type": "svn",
                "url": "svn://zon/projecten/zicht-libraries/z-plugin-qa",
                "reference": "/trunk/@53621"
            },
            "type": "library",
            "license": [
                "MIT"
            ],
            "authors": [
                {
                    "name": "Gerard van Helden",
                    "email": "gerard@zicht.nl"
                }
            ],
            "description": "Quality Assurance plugin for Z",
            "time": "2015-01-11 14:35:08"
        },
        {
            "name": "zicht/z-plugin-rsync",
            "version": "dev-trunk",
            "source": {
                "type": "svn",
                "url": "svn://zon/projecten/zicht-libraries/z-plugin-rsync",
                "reference": "/trunk/@63983"
            },
            "type": "library",
            "license": [
                "MIT"
            ],
            "authors": [
                {
                    "name": "Gerard van Helden",
                    "email": "gerard@zicht.nl"
                }
            ],
            "description": "rsync sync plugin for Z",
            "time": "2015-06-16 23:42:08"
        },
        {
            "name": "zicht/z-plugin-sass",
            "version": "dev-trunk",
            "source": {
                "type": "svn",
                "url": "svn://zon/projecten/zicht-libraries/z-plugin-sass",
                "reference": "/trunk/@63984"
            },
            "type": "library",
            "license": [
                "MIT"
            ],
            "authors": [
                {
                    "name": "Gerard van Helden",
                    "email": "gerard@zicht.nl"
                }
            ],
            "description": "Sass plugin for Z",
            "time": "2015-06-16 23:42:33"
        },
        {
            "name": "zicht/z-plugin-solr",
            "version": "dev-trunk",
            "source": {
                "type": "svn",
                "url": "svn://zon/projecten/zicht-libraries/z-plugin-solr",
                "reference": "/trunk/@76285"
            },
            "require": {
                "php": ">=5.3.3"
            },
            "type": "library",
            "scripts": {
                "post-install-cmd": [],
                "post-update-cmd": []
            },
            "description": "'solr' plugin for Z",
            "time": "2016-01-04 12:22:28"
        },
        {
            "name": "zicht/z-plugin-svn",
            "version": "dev-trunk",
            "source": {
                "type": "svn",
                "url": "svn://zon/projecten/zicht-libraries/z-plugin-svn",
                "reference": "/trunk/@69881"
            },
            "type": "library",
            "license": [
                "MIT"
            ],
            "authors": [
                {
                    "name": "Gerard van Helden",
                    "email": "gerard@zicht.nl"
                }
            ],
            "description": "SVN plugin for Z",
            "time": "2015-09-29 09:47:39"
        },
        {
            "name": "zicht/z-plugin-symfony",
            "version": "dev-trunk",
            "source": {
                "type": "svn",
                "url": "svn://zon/projecten/zicht-libraries/z-plugin-symfony",
                "reference": "/trunk/@57813"
            },
            "type": "library",
            "license": [
                "MIT"
            ],
            "authors": [
                {
                    "name": "Gerard van Helden",
                    "email": "gerard@zicht.nl"
                }
            ],
            "description": "Deployment utils for Symfony Z plugin",
            "time": "2015-03-06 11:28:53"
        },
        {
            "name": "zicht/z-plugin-tunnel",
            "version": "dev-trunk",
            "source": {
                "type": "svn",
                "url": "svn://zon/projecten/zicht-libraries/z-plugin-tunnel",
                "reference": "/trunk/@74261"
            },
            "require": {
                "php": ">=5.3.3"
            },
            "type": "library",
            "scripts": {
                "post-install-cmd": [],
                "post-update-cmd": []
            },
            "description": "'ssh tunnel' plugin for Z",
            "time": "2015-11-27 11:07:01"
        },
        {
            "name": "zicht/z-plugin-uglifyjs",
            "version": "dev-trunk",
            "source": {
                "type": "svn",
                "url": "svn://zon/projecten/zicht-libraries/z-plugin-uglifyjs",
                "reference": "/trunk/@39423"
            },
            "type": "library",
            "license": [
                "MIT"
            ],
            "authors": [
                {
                    "name": "Gerard van Helden",
                    "email": "gerard@zicht.nl"
                }
            ],
            "description": "Uglifyjs plugin for Z",
            "time": "2014-06-07 18:22:46"
        }
    ],
    "packages-dev": [],
    "aliases": [],
    "minimum-stability": "dev",
    "stability-flags": {
        "zicht/z": 20,
        "zicht/version": 5,
        "zicht/z-plugin-apc": 20,
        "zicht/z-plugin-bower": 20,
        "zicht/z-plugin-build": 20,
        "zicht/z-plugin-chmod": 20,
        "zicht/z-plugin-ci": 20,
        "zicht/z-plugin-content": 20,
        "zicht/z-plugin-core": 20,
        "zicht/z-plugin-deploy": 20,
        "zicht/z-plugin-env": 20,
        "zicht/z-plugin-interact": 20,
        "zicht/z-plugin-lftp": 20,
        "zicht/z-plugin-qa": 20,
        "zicht/z-plugin-rsync": 20,
        "zicht/z-plugin-sass": 20,
        "zicht/z-plugin-svn": 20,
        "zicht/z-plugin-symfony": 20,
        "zicht/z-plugin-uglifyjs": 20,
        "zicht/z-plugin-docker": 20,
        "zicht/z-plugin-log": 20,
        "zicht/z-plugin-messages": 20,
        "zicht/z-plugin-tunnel": 20,
        "zicht/z-plugin-opcache": 20,
        "zicht/z-plugin-cron": 20,
        "zicht/z-plugin-solr": 20
    },
    "prefer-stable": false,
    "prefer-lowest": false,
    "platform": [],
    "platform-dev": []
}
